
Microsoft Visual Studio Solution File, Format Version 12.00
# Visual Studio Version 17
VisualStudioVersion = 17.2.32616.157
MinimumVisualStudioVersion = 10.0.40219.1
Project("{FAE04EC0-301F-11D3-BF4B-00C04F79EFBC}") = "mServerProject", "mServerProject\mServerProject.csproj", "{1F733D60-1717-451E-801D-E28CEAA733A8}"
EndProject
Project("{9A19103F-16F7-4668-BE54-9A1E7A4F7556}") = "mServerWeb.Core", "mServerWeb.Core\mServerWeb.Core.csproj", "{2718FBC3-3AEF-436C-8DA0-A5804CCD97D7}"
EndProject
Global
	GlobalSection(SolutionConfigurationPlatforms) = preSolution
		Debug|Any CPU = Debug|Any CPU
		Release|Any CPU = Release|Any CPU
	EndGlobalSection
	GlobalSection(ProjectConfigurationPlatforms) = postSolution
		{1F733D60-1717-451E-801D-E28CEAA733A8}.Debug|Any CPU.ActiveCfg = Debug|Any CPU
		{1F733D60-1717-451E-801D-E28CEAA733A8}.Debug|Any CPU.Build.0 = Debug|Any CPU
		{1F733D60-1717-451E-801D-E28CEAA733A8}.Release|Any CPU.ActiveCfg = Release|Any CPU
		{1F733D60-1717-451E-801D-E28CEAA733A8}.Release|Any CPU.Build.0 = Release|Any CPU
		{2718FBC3-3AEF-436C-8DA0-A5804CCD97D7}.Debug|Any CPU.ActiveCfg = Debug|Any CPU
		{2718FBC3-3AEF-436C-8DA0-A5804CCD97D7}.Debug|Any CPU.Build.0 = Debug|Any CPU
		{2718FBC3-3AEF-436C-8DA0-A5804CCD97D7}.Release|Any CPU.ActiveCfg = Release|Any CPU
		{2718FBC3-3AEF-436C-8DA0-A5804CCD97D7}.Release|Any CPU.Build.0 = Release|Any CPU
	EndGlobalSection
	GlobalSection(SolutionProperties) = preSolution
		HideSolutionNode = FALSE
	EndGlobalSection
	GlobalSection(ExtensibilityGlobals) = postSolution
		SolutionGuid = {005FF647-36D9-4FFA-B32D-7FA69EBCDDFE}
	EndGlobalSection
EndGlobal
